
Microsoft Visual Studio Solution File, Format Version 12.00
# Visual Studio Version 16
VisualStudioVersion = 16.0.29324.140
MinimumVisualStudioVersion = 10.0.40219.1
Project("{FAE04EC0-301F-11D3-BF4B-00C04F79EFBC}") = "AttendanceManagementSysytem", "AttendanceManagementSysytem\AttendanceManagementSysytem.csproj", "{F6E6DC02-3304-4447-87D1-0FA73C0B19A4}"
EndProject
Global
	GlobalSection(SolutionConfigurationPlatforms) = preSolution
		Debug|Any CPU = Debug|Any CPU
		Release|Any CPU = Release|Any CPU
	EndGlobalSection
	GlobalSection(ProjectConfigurationPlatforms) = postSolution
		{F6E6DC02-3304-4447-87D1-0FA73C0B19A4}.Debug|Any CPU.ActiveCfg = Debug|Any CPU
		{F6E6DC02-3304-4447-87D1-0FA73C0B19A4}.Debug|Any CPU.Build.0 = Debug|Any CPU
		{F6E6DC02-3304-4447-87D1-0FA73C0B19A4}.Release|Any CPU.ActiveCfg = Release|Any CPU
		{F6E6DC02-3304-4447-87D1-0FA73C0B19A4}.Release|Any CPU.Build.0 = Release|Any CPU
	EndGlobalSection
	GlobalSection(SolutionProperties) = preSolution
		HideSolutionNode = FALSE
	EndGlobalSection
	GlobalSection(ExtensibilityGlobals) = postSolution
		SolutionGuid = {80EF5B87-A6CB-4B1C-B12A-037A99E69ED5}
	EndGlobalSection
EndGlobal
